{
  "pins" : [
    {
      "identity" : "cocoaasyncsocket",
      "kind" : "remoteSourceControl",
      "location" : "https://github.com/robbiehanson/CocoaAsyncSocket",
      "state" : {
        "revision" : "dbdc00669c1ced63b27c3c5f052ee4d28f10150c",
        "version" : "7.6.5"
      }
    },
    {
      "identity" : "flipperlitepeertalk",
      "kind" : "remoteSourceControl",
      "location" : "https://github.com/chiragramani/FlipperLitePeertalk",
      "state" : {
        "branch" : "main",
        "revision" : "5004f4d8a24dd1299e45e57d05d24da7b8ce5fca"
      }
    },
    {
      "identity" : "flipperpluginutils",
      "kind" : "remoteSourceControl",
      "location" : "https://github.com/chiragramani/FlipperPluginUtils",
      "state" : {
        "branch" : "main",
        "revision" : "f68ac6cc7954867b4ea9d9fa13be5995174c4929"
      }
    },
    {
      "identity" : "openssl",
      "kind" : "remoteSourceControl",
      "location" : "https://github.com/krzyzanowskim/OpenSSL.git",
      "state" : {
        "revision" : "52db2ab9de7f78d1dea0d728fddd47fb133e25b7",
        "version" : "1.1.1900"
      }
    }
  ],
  "version" : 2
}
